// !$*UTF8*$!
{
	archiveVersion = 1;
	classes = {
	};
	objectVersion = 77;
	objects = {

/* Begin PBXBuildFile section */
		3E75F2362F11204400C49434 /* PCImageDecoder.swift in Sources */ = {isa = PBXBuildFile; fileRef = 3E75F2242F11204400C49434 /* PCImageDecoder.swift */; };
		3E75F2372F11204400C49434 /* DiskCatalogBrowserView.swift in Sources */ = {isa = PBXBuildFile; fileRef = 3E75F2312F11204400C49434 /* DiskCatalogBrowserView.swift */; };
		3E75F2382F11204400C49434 /* ModernImageDecoder.swift in Sources */ = {isa = PBXBuildFile; fileRef = 3E75F2222F11204400C49434 /* ModernImageDecoder.swift */; };
		3E75F2392F11204400C49434 /* SHRConverterApp.swift in Sources */ = {isa = PBXBuildFile; fileRef = 3E75F2342F11204400C49434 /* SHRConverterApp.swift */; };
		3E75F23A2F11204400C49434 /* ImageTypes.swift in Sources */ = {isa = PBXBuildFile; fileRef = 3E75F2292F11204400C49434 /* ImageTypes.swift */; };
		3E75F23B2F11204400C49434 /* ImageHelpers.swift in Sources */ = {isa = PBXBuildFile; fileRef = 3E75F22D2F11204400C49434 /* ImageHelpers.swift */; };
		3E75F23C2F11204400C49434 /* AmigaIFFDecoder.swift in Sources */ = {isa = PBXBuildFile; fileRef = 3E75F21D2F11204400C49434 /* AmigaIFFDecoder.swift */; };
		3E75F23D2F11204400C49434 /* PackedSHRDecoder.swift in Sources */ = {isa = PBXBuildFile; fileRef = 3E75F2232F11204400C49434 /* PackedSHRDecoder.swift */; };
		3E75F23E2F11204400C49434 /* HEICConverter.swift in Sources */ = {isa = PBXBuildFile; fileRef = 3E75F22C2F11204400C49434 /* HEICConverter.swift */; };
		3E75F23F2F11204400C49434 /* C64Decoder.swift in Sources */ = {isa = PBXBuildFile; fileRef = 3E75F2202F11204400C49434 /* C64Decoder.swift */; };
		3E75F2402F11204400C49434 /* DiskCatalog.swift in Sources */ = {isa = PBXBuildFile; fileRef = 3E75F2282F11204400C49434 /* DiskCatalog.swift */; };
		3E75F2412F11204400C49434 /* UTTypeExtensions.swift in Sources */ = {isa = PBXBuildFile; fileRef = 3E75F22E2F11204400C49434 /* UTTypeExtensions.swift */; };
		3E75F2422F11204400C49434 /* DiskImageReader.swift in Sources */ = {isa = PBXBuildFile; fileRef = 3E75F2212F11204400C49434 /* DiskImageReader.swift */; };
		3E75F2432F11204400C49434 /* ProDOSFileTypes.swift in Sources */ = {isa = PBXBuildFile; fileRef = 3E75F22A2F11204400C49434 /* ProDOSFileTypes.swift */; };
		3E75F2442F11204400C49434 /* ContentView.swift in Sources */ = {isa = PBXBuildFile; fileRef = 3E75F2302F11204400C49434 /* ContentView.swift */; };
		3E75F2452F11204400C49434 /* ImageThumbnailView.swift in Sources */ = {isa = PBXBuildFile; fileRef = 3E75F2322F11204400C49434 /* ImageThumbnailView.swift */; };
		3E75F2462F11204400C49434 /* AtariSTDecoder.swift in Sources */ = {isa = PBXBuildFile; fileRef = 3E75F21F2F11204400C49434 /* AtariSTDecoder.swift */; };
		3E75F2472F11204400C49434 /* SHRDecoder.swift in Sources */ = {isa = PBXBuildFile; fileRef = 3E75F2262F11204400C49434 /* SHRDecoder.swift */; };
		3E75F2482F11204400C49434 /* RetroDecoder.swift in Sources */ = {isa = PBXBuildFile; fileRef = 3E75F2252F11204400C49434 /* RetroDecoder.swift */; };
		3E75F2492F11204400C49434 /* AppleIIDecoder.swift in Sources */ = {isa = PBXBuildFile; fileRef = 3E75F21E2F11204400C49434 /* AppleIIDecoder.swift */; };
		3E9F97B22F156505009196E9 /* ImageCropView.swift in Sources */ = {isa = PBXBuildFile; fileRef = 3E9F97B12F156505009196E9 /* ImageCropView.swift */; };
/* End PBXBuildFile section */

/* Begin PBXContainerItemProxy section */
		3E9C9EA82EE37BE000DEE453 /* PBXContainerItemProxy */ = {
			isa = PBXContainerItemProxy;
			containerPortal = 3E9C9E922EE37BDF00DEE453 /* Project object */;
			proxyType = 1;
			remoteGlobalIDString = 3E9C9E992EE37BDF00DEE453;
			remoteInfo = "SHR to PNG Convert";
		};
		3E9C9EB22EE37BE000DEE453 /* PBXContainerItemProxy */ = {
			isa = PBXContainerItemProxy;
			containerPortal = 3E9C9E922EE37BDF00DEE453 /* Project object */;
			proxyType = 1;
			remoteGlobalIDString = 3E9C9E992EE37BDF00DEE453;
			remoteInfo = "SHR to PNG Convert";
		};
/* End PBXContainerItemProxy section */

/* Begin PBXFileReference section */
		3E75F21D2F11204400C49434 /* AmigaIFFDecoder.swift */ = {isa = PBXFileReference; lastKnownFileType = sourcecode.swift; path = AmigaIFFDecoder.swift; sourceTree = "<group>"; };
		3E75F21E2F11204400C49434 /* AppleIIDecoder.swift */ = {isa = PBXFileReference; lastKnownFileType = sourcecode.swift; path = AppleIIDecoder.swift; sourceTree = "<group>"; };
		3E75F21F2F11204400C49434 /* AtariSTDecoder.swift */ = {isa = PBXFileReference; lastKnownFileType = sourcecode.swift; path = AtariSTDecoder.swift; sourceTree = "<group>"; };
		3E75F2202F11204400C49434 /* C64Decoder.swift */ = {isa = PBXFileReference; lastKnownFileType = sourcecode.swift; path = C64Decoder.swift; sourceTree = "<group>"; };
		3E75F2212F11204400C49434 /* DiskImageReader.swift */ = {isa = PBXFileReference; lastKnownFileType = sourcecode.swift; path = DiskImageReader.swift; sourceTree = "<group>"; };
		3E75F2222F11204400C49434 /* ModernImageDecoder.swift */ = {isa = PBXFileReference; lastKnownFileType = sourcecode.swift; path = ModernImageDecoder.swift; sourceTree = "<group>"; };
		3E75F2232F11204400C49434 /* PackedSHRDecoder.swift */ = {isa = PBXFileReference; lastKnownFileType = sourcecode.swift; path = PackedSHRDecoder.swift; sourceTree = "<group>"; };
		3E75F2242F11204400C49434 /* PCImageDecoder.swift */ = {isa = PBXFileReference; lastKnownFileType = sourcecode.swift; path = PCImageDecoder.swift; sourceTree = "<group>"; };
		3E75F2252F11204400C49434 /* RetroDecoder.swift */ = {isa = PBXFileReference; lastKnownFileType = sourcecode.swift; path = RetroDecoder.swift; sourceTree = "<group>"; };
		3E75F2262F11204400C49434 /* SHRDecoder.swift */ = {isa = PBXFileReference; lastKnownFileType = sourcecode.swift; path = SHRDecoder.swift; sourceTree = "<group>"; };
		3E75F2282F11204400C49434 /* DiskCatalog.swift */ = {isa = PBXFileReference; lastKnownFileType = sourcecode.swift; path = DiskCatalog.swift; sourceTree = "<group>"; };
		3E75F2292F11204400C49434 /* ImageTypes.swift */ = {isa = PBXFileReference; lastKnownFileType = sourcecode.swift; path = ImageTypes.swift; sourceTree = "<group>"; };
		3E75F22A2F11204400C49434 /* ProDOSFileTypes.swift */ = {isa = PBXFileReference; lastKnownFileType = sourcecode.swift; path = ProDOSFileTypes.swift; sourceTree = "<group>"; };
		3E75F22C2F11204400C49434 /* HEICConverter.swift */ = {isa = PBXFileReference; lastKnownFileType = sourcecode.swift; path = HEICConverter.swift; sourceTree = "<group>"; };
		3E75F22D2F11204400C49434 /* ImageHelpers.swift */ = {isa = PBXFileReference; lastKnownFileType = sourcecode.swift; path = ImageHelpers.swift; sourceTree = "<group>"; };
		3E75F22E2F11204400C49434 /* UTTypeExtensions.swift */ = {isa = PBXFileReference; lastKnownFileType = sourcecode.swift; path = UTTypeExtensions.swift; sourceTree = "<group>"; };
		3E75F2302F11204400C49434 /* ContentView.swift */ = {isa = PBXFileReference; lastKnownFileType = sourcecode.swift; path = ContentView.swift; sourceTree = "<group>"; };
		3E75F2312F11204400C49434 /* DiskCatalogBrowserView.swift */ = {isa = PBXFileReference; lastKnownFileType = sourcecode.swift; path = DiskCatalogBrowserView.swift; sourceTree = "<group>"; };
		3E75F2322F11204400C49434 /* ImageThumbnailView.swift */ = {isa = PBXFileReference; lastKnownFileType = sourcecode.swift; path = ImageThumbnailView.swift; sourceTree = "<group>"; };
		3E75F2342F11204400C49434 /* SHRConverterApp.swift */ = {isa = PBXFileReference; lastKnownFileType = sourcecode.swift; path = SHRConverterApp.swift; sourceTree = "<group>"; };
		3E9C9E9A2EE37BDF00DEE453 /* Retro-Graphics-Converter.app */ = {isa = PBXFileReference; explicitFileType = wrapper.application; includeInIndex = 0; path = "Retro-Graphics-Converter.app"; sourceTree = BUILT_PRODUCTS_DIR; };
		3E9C9EA72EE37BE000DEE453 /* Retro-Graphics-ConverterTests.xctest */ = {isa = PBXFileReference; explicitFileType = wrapper.cfbundle; includeInIndex = 0; path = "Retro-Graphics-ConverterTests.xctest"; sourceTree = BUILT_PRODUCTS_DIR; };
		3E9C9EB12EE37BE000DEE453 /* Retro-Graphics-ConverterUITests.xctest */ = {isa = PBXFileReference; explicitFileType = wrapper.cfbundle; includeInIndex = 0; path = "Retro-Graphics-ConverterUITests.xctest"; sourceTree = BUILT_PRODUCTS_DIR; };
		3E9F97B12F156505009196E9 /* ImageCropView.swift */ = {isa = PBXFileReference; lastKnownFileType = sourcecode.swift; path = ImageCropView.swift; sourceTree = "<group>"; };
/* End PBXFileReference section */

/* Begin PBXFileSystemSynchronizedRootGroup section */
		3E9C9E9C2EE37BDF00DEE453 /* Retro-Graphics-converter */ = {
			isa = PBXFileSystemSynchronizedRootGroup;
			path = "Retro-Graphics-converter";
			sourceTree = "<group>";
		};
/* End PBXFileSystemSynchronizedRootGroup section */

/* Begin PBXFrameworksBuildPhase section */
		3E9C9E972EE37BDF00DEE453 /* Frameworks */ = {
			isa = PBXFrameworksBuildPhase;
			buildActionMask = 2147483647;
			files = (
			);
			runOnlyForDeploymentPostprocessing = 0;
		};
		3E9C9EA42EE37BE000DEE453 /* Frameworks */ = {
			isa = PBXFrameworksBuildPhase;
			buildActionMask = 2147483647;
			files = (
			);
			runOnlyForDeploymentPostprocessing = 0;
		};
		3E9C9EAE2EE37BE000DEE453 /* Frameworks */ = {
			isa = PBXFrameworksBuildPhase;
			buildActionMask = 2147483647;
			files = (
			);
			runOnlyForDeploymentPostprocessing = 0;
		};
/* End PBXFrameworksBuildPhase section */

/* Begin PBXGroup section */
		3E75F2272F11204400C49434 /* Decoders */ = {
			isa = PBXGroup;
			children = (
				3E75F21D2F11204400C49434 /* AmigaIFFDecoder.swift */,
				3E75F21E2F11204400C49434 /* AppleIIDecoder.swift */,
				3E75F21F2F11204400C49434 /* AtariSTDecoder.swift */,
				3E75F2202F11204400C49434 /* C64Decoder.swift */,
				3E75F2212F11204400C49434 /* DiskImageReader.swift */,
				3E75F2222F11204400C49434 /* ModernImageDecoder.swift */,
				3E75F2232F11204400C49434 /* PackedSHRDecoder.swift */,
				3E75F2242F11204400C49434 /* PCImageDecoder.swift */,
				3E75F2252F11204400C49434 /* RetroDecoder.swift */,
				3E75F2262F11204400C49434 /* SHRDecoder.swift */,
			);
			path = Decoders;
			sourceTree = "<group>";
		};
		3E75F22B2F11204400C49434 /* Models */ = {
			isa = PBXGroup;
			children = (
				3E75F2282F11204400C49434 /* DiskCatalog.swift */,
				3E75F2292F11204400C49434 /* ImageTypes.swift */,
				3E75F22A2F11204400C49434 /* ProDOSFileTypes.swift */,
			);
			path = Models;
			sourceTree = "<group>";
		};
		3E75F22F2F11204400C49434 /* Utilities */ = {
			isa = PBXGroup;
			children = (
				3E75F22C2F11204400C49434 /* HEICConverter.swift */,
				3E75F22D2F11204400C49434 /* ImageHelpers.swift */,
				3E75F22E2F11204400C49434 /* UTTypeExtensions.swift */,
			);
			path = Utilities;
			sourceTree = "<group>";
		};
		3E75F2332F11204400C49434 /* Views */ = {
			isa = PBXGroup;
			children = (
				3E75F2302F11204400C49434 /* ContentView.swift */,
				3E75F2312F11204400C49434 /* DiskCatalogBrowserView.swift */,
				3E75F2322F11204400C49434 /* ImageThumbnailView.swift */,
			);
			path = Views;
			sourceTree = "<group>";
		};
		3E75F2352F11204400C49434 /* SHRConverter */ = {
			isa = PBXGroup;
			children = (
				3E75F2272F11204400C49434 /* Decoders */,
				3E75F22B2F11204400C49434 /* Models */,
				3E75F22F2F11204400C49434 /* Utilities */,
				3E75F2332F11204400C49434 /* Views */,
				3E75F2342F11204400C49434 /* SHRConverterApp.swift */,
			);
			path = SHRConverter;
			sourceTree = "<group>";
		};
		3E9C9E912EE37BDF00DEE453 = {
			isa = PBXGroup;
			children = (
				3E9C9E9C2EE37BDF00DEE453 /* Retro-Graphics-converter */,
				3E75F2352F11204400C49434 /* SHRConverter */,
				3E9C9E9B2EE37BDF00DEE453 /* Products */,
				3E9F97B12F156505009196E9 /* ImageCropView.swift */,
			);
			sourceTree = "<group>";
		};
		3E9C9E9B2EE37BDF00DEE453 /* Products */ = {
			isa = PBXGroup;
			children = (
				3E9C9E9A2EE37BDF00DEE453 /* Retro-Graphics-Converter.app */,
				3E9C9EA72EE37BE000DEE453 /* Retro-Graphics-ConverterTests.xctest */,
				3E9C9EB12EE37BE000DEE453 /* Retro-Graphics-ConverterUITests.xctest */,
			);
			name = Products;
			sourceTree = "<group>";
		};
/* End PBXGroup section */

/* Begin PBXNativeTarget section */
		3E9C9E992EE37BDF00DEE453 /* Retro-Graphics-Converter */ = {
			isa = PBXNativeTarget;
			buildConfigurationList = 3E9C9EBB2EE37BE000DEE453 /* Build configuration list for PBXNativeTarget "Retro-Graphics-Converter" */;
			buildPhases = (
				3E9C9E962EE37BDF00DEE453 /* Sources */,
				3E9C9E972EE37BDF00DEE453 /* Frameworks */,
				3E9C9E982EE37BDF00DEE453 /* Resources */,
			);
			buildRules = (
			);
			dependencies = (
			);
			fileSystemSynchronizedGroups = (
				3E9C9E9C2EE37BDF00DEE453 /* Retro-Graphics-converter */,
			);
			name = "Retro-Graphics-Converter";
			packageProductDependencies = (
			);
			productName = "SHR to PNG Convert";
			productReference = 3E9C9E9A2EE37BDF00DEE453 /* Retro-Graphics-Converter.app */;
			productType = "com.apple.product-type.application";
		};
		3E9C9EA62EE37BE000DEE453 /* Retro-Graphics-ConverterTests */ = {
			isa = PBXNativeTarget;
			buildConfigurationList = 3E9C9EBE2EE37BE000DEE453 /* Build configuration list for PBXNativeTarget "Retro-Graphics-ConverterTests" */;
			buildPhases = (
				3E9C9EA32EE37BE000DEE453 /* Sources */,
				3E9C9EA42EE37BE000DEE453 /* Frameworks */,
				3E9C9EA52EE37BE000DEE453 /* Resources */,
			);
			buildRules = (
			);
			dependencies = (
				3E9C9EA92EE37BE000DEE453 /* PBXTargetDependency */,
			);
			name = "Retro-Graphics-ConverterTests";
			packageProductDependencies = (
			);
			productName = "SHR to PNG ConvertTests";
			productReference = 3E9C9EA72EE37BE000DEE453 /* Retro-Graphics-ConverterTests.xctest */;
			productType = "com.apple.product-type.bundle.unit-test";
		};
		3E9C9EB02EE37BE000DEE453 /* Retro-Graphics-ConverterUITests */ = {
			isa = PBXNativeTarget;
			buildConfigurationList = 3E9C9EC12EE37BE000DEE453 /* Build configuration list for PBXNativeTarget "Retro-Graphics-ConverterUITests" */;
			buildPhases = (
				3E9C9EAD2EE37BE000DEE453 /* Sources */,
				3E9C9EAE2EE37BE000DEE453 /* Frameworks */,
				3E9C9EAF2EE37BE000DEE453 /* Resources */,
			);
			buildRules = (
			);
			dependencies = (
				3E9C9EB32EE37BE000DEE453 /* PBXTargetDependency */,
			);
			name = "Retro-Graphics-ConverterUITests";
			packageProductDependencies = (
			);
			productName = "SHR to PNG ConvertUITests";
			productReference = 3E9C9EB12EE37BE000DEE453 /* Retro-Graphics-ConverterUITests.xctest */;
			productType = "com.apple.product-type.bundle.ui-testing";
		};
/* End PBXNativeTarget section */

/* Begin PBXProject section */
		3E9C9E922EE37BDF00DEE453 /* Project object */ = {
			isa = PBXProject;
			attributes = {
				BuildIndependentTargetsInParallel = 1;
				LastSwiftUpdateCheck = 2610;
				LastUpgradeCheck = 2610;
				TargetAttributes = {
					3E9C9E992EE37BDF00DEE453 = {
						CreatedOnToolsVersion = 26.1.1;
					};
					3E9C9EA62EE37BE000DEE453 = {
						CreatedOnToolsVersion = 26.1.1;
						TestTargetID = 3E9C9E992EE37BDF00DEE453;
					};
					3E9C9EB02EE37BE000DEE453 = {
						CreatedOnToolsVersion = 26.1.1;
						TestTargetID = 3E9C9E992EE37BDF00DEE453;
					};
				};
			};
			buildConfigurationList = 3E9C9E952EE37BDF00DEE453 /* Build configuration list for PBXProject "Retro-Graphics-Converter" */;
			developmentRegion = en;
			hasScannedForEncodings = 0;
			knownRegions = (
				en,
				Base,
			);
			mainGroup = 3E9C9E912EE37BDF00DEE453;
			minimizedProjectReferenceProxies = 1;
			preferredProjectObjectVersion = 77;
			productRefGroup = 3E9C9E9B2EE37BDF00DEE453 /* Products */;
			projectDirPath = "";
			projectRoot = "";
			targets = (
				3E9C9E992EE37BDF00DEE453 /* Retro-Graphics-Converter */,
				3E9C9EA62EE37BE000DEE453 /* Retro-Graphics-ConverterTests */,
				3E9C9EB02EE37BE000DEE453 /* Retro-Graphics-ConverterUITests */,
			);
		};
/* End PBXProject section */

/* Begin PBXResourcesBuildPhase section */
		3E9C9E982EE37BDF00DEE453 /* Resources */ = {
			isa = PBXResourcesBuildPhase;
			buildActionMask = 2147483647;
			files = (
			);
			runOnlyForDeploymentPostprocessing = 0;
		};
		3E9C9EA52EE37BE000DEE453 /* Resources */ = {
			isa = PBXResourcesBuildPhase;
			buildActionMask = 2147483647;
			files = (
			);
			runOnlyForDeploymentPostprocessing = 0;
		};
		3E9C9EAF2EE37BE000DEE453 /* Resources */ = {
			isa = PBXResourcesBuildPhase;
			buildActionMask = 2147483647;
			files = (
			);
			runOnlyForDeploymentPostprocessing = 0;
		};
/* End PBXResourcesBuildPhase section */

/* Begin PBXSourcesBuildPhase section */
		3E9C9E962EE37BDF00DEE453 /* Sources */ = {
			isa = PBXSourcesBuildPhase;
			buildActionMask = 2147483647;
			files = (
				3E75F2362F11204400C49434 /* PCImageDecoder.swift in Sources */,
				3E75F2372F11204400C49434 /* DiskCatalogBrowserView.swift in Sources */,
				3E75F2382F11204400C49434 /* ModernImageDecoder.swift in Sources */,
				3E75F2392F11204400C49434 /* SHRConverterApp.swift in Sources */,
				3E75F23A2F11204400C49434 /* ImageTypes.swift in Sources */,
				3E9F97B22F156505009196E9 /* ImageCropView.swift in Sources */,
				3E75F23B2F11204400C49434 /* ImageHelpers.swift in Sources */,
				3E75F23C2F11204400C49434 /* AmigaIFFDecoder.swift in Sources */,
				3E75F23D2F11204400C49434 /* PackedSHRDecoder.swift in Sources */,
				3E75F23E2F11204400C49434 /* HEICConverter.swift in Sources */,
				3E75F23F2F11204400C49434 /* C64Decoder.swift in Sources */,
				3E75F2402F11204400C49434 /* DiskCatalog.swift in Sources */,
				3E75F2412F11204400C49434 /* UTTypeExtensions.swift in Sources */,
				3E75F2422F11204400C49434 /* DiskImageReader.swift in Sources */,
				3E75F2432F11204400C49434 /* ProDOSFileTypes.swift in Sources */,
				3E75F2442F11204400C49434 /* ContentView.swift in Sources */,
				3E75F2452F11204400C49434 /* ImageThumbnailView.swift in Sources */,
				3E75F2462F11204400C49434 /* AtariSTDecoder.swift in Sources */,
				3E75F2472F11204400C49434 /* SHRDecoder.swift in Sources */,
				3E75F2482F11204400C49434 /* RetroDecoder.swift in Sources */,
				3E75F2492F11204400C49434 /* AppleIIDecoder.swift in Sources */,
			);
			runOnlyForDeploymentPostprocessing = 0;
		};
		3E9C9EA32EE37BE000DEE453 /* Sources */ = {
			isa = PBXSourcesBuildPhase;
			buildActionMask = 2147483647;
			files = (
			);
			runOnlyForDeploymentPostprocessing = 0;
		};
		3E9C9EAD2EE37BE000DEE453 /* Sources */ = {
			isa = PBXSourcesBuildPhase;
			buildActionMask = 2147483647;
			files = (
			);
			runOnlyForDeploymentPostprocessing = 0;
		};
/* End PBXSourcesBuildPhase section */

/* Begin PBXTargetDependency section */
		3E9C9EA92EE37BE000DEE453 /* PBXTargetDependency */ = {
			isa = PBXTargetDependency;
			target = 3E9C9E992EE37BDF00DEE453 /* Retro-Graphics-Converter */;
			targetProxy = 3E9C9EA82EE37BE000DEE453 /* PBXContainerItemProxy */;
		};
		3E9C9EB32EE37BE000DEE453 /* PBXTargetDependency */ = {
			isa = PBXTargetDependency;
			target = 3E9C9E992EE37BDF00DEE453 /* Retro-Graphics-Converter */;
			targetProxy = 3E9C9EB22EE37BE000DEE453 /* PBXContainerItemProxy */;
		};
/* End PBXTargetDependency section */

/* Begin XCBuildConfiguration section */
		3E9C9EB92EE37BE000DEE453 /* Debug */ = {
			isa = XCBuildConfiguration;
			buildSettings = {
				ALWAYS_SEARCH_USER_PATHS = NO;
				ASSETCATALOG_COMPILER_GENERATE_SWIFT_ASSET_SYMBOL_EXTENSIONS = YES;
				CLANG_ANALYZER_NONNULL = YES;
				CLANG_ANALYZER_NUMBER_OBJECT_CONVERSION = YES_AGGRESSIVE;
				CLANG_CXX_LANGUAGE_STANDARD = "gnu++20";
				CLANG_ENABLE_MODULES = YES;
				CLANG_ENABLE_OBJC_ARC = YES;
				CLANG_ENABLE_OBJC_WEAK = YES;
				CLANG_WARN_BLOCK_CAPTURE_AUTORELEASING = YES;
				CLANG_WARN_BOOL_CONVERSION = YES;
				CLANG_WARN_COMMA = YES;
				CLANG_WARN_CONSTANT_CONVERSION = YES;
				CLANG_WARN_DEPRECATED_OBJC_IMPLEMENTATIONS = YES;
				CLANG_WARN_DIRECT_OBJC_ISA_USAGE = YES_ERROR;
				CLANG_WARN_DOCUMENTATION_COMMENTS = YES;
				CLANG_WARN_EMPTY_BODY = YES;
				CLANG_WARN_ENUM_CONVERSION = YES;
				CLANG_WARN_INFINITE_RECURSION = YES;
				CLANG_WARN_INT_CONVERSION = YES;
				CLANG_WARN_NON_LITERAL_NULL_CONVERSION = YES;
				CLANG_WARN_OBJC_IMPLICIT_RETAIN_SELF = YES;
				CLANG_WARN_OBJC_LITERAL_CONVERSION = YES;
				CLANG_WARN_OBJC_ROOT_CLASS = YES_ERROR;
				CLANG_WARN_QUOTED_INCLUDE_IN_FRAMEWORK_HEADER = YES;
				CLANG_WARN_RANGE_LOOP_ANALYSIS = YES;
				CLANG_WARN_STRICT_PROTOTYPES = YES;
				CLANG_WARN_SUSPICIOUS_MOVE = YES;
				CLANG_WARN_UNGUARDED_AVAILABILITY = YES_AGGRESSIVE;
				CLANG_WARN_UNREACHABLE_CODE = YES;
				CLANG_WARN__DUPLICATE_METHOD_MATCH = YES;
				COPY_PHASE_STRIP = NO;
				DEBUG_INFORMATION_FORMAT = dwarf;
				ENABLE_STRICT_OBJC_MSGSEND = YES;
				ENABLE_TESTABILITY = YES;
				ENABLE_USER_SCRIPT_SANDBOXING = YES;
				GCC_C_LANGUAGE_STANDARD = gnu17;
				GCC_DYNAMIC_NO_PIC = NO;
				GCC_NO_COMMON_BLOCKS = YES;
				GCC_OPTIMIZATION_LEVEL = 0;
				GCC_PREPROCESSOR_DEFINITIONS = (
					"DEBUG=1",
					"$(inherited)",
				);
				GCC_WARN_64_TO_32_BIT_CONVERSION = YES;
				GCC_WARN_ABOUT_RETURN_TYPE = YES_ERROR;
				GCC_WARN_UNDECLARED_SELECTOR = YES;
				GCC_WARN_UNINITIALIZED_AUTOS = YES_AGGRESSIVE;
				GCC_WARN_UNUSED_FUNCTION = YES;
				GCC_WARN_UNUSED_VARIABLE = YES;
				LOCALIZATION_PREFERS_STRING_CATALOGS = YES;
				MACOSX_DEPLOYMENT_TARGET = 15.7;
				MTL_ENABLE_DEBUG_INFO = INCLUDE_SOURCE;
				MTL_FAST_MATH = YES;
				ONLY_ACTIVE_ARCH = YES;
				SDKROOT = macosx;
				SWIFT_ACTIVE_COMPILATION_CONDITIONS = "DEBUG $(inherited)";
				SWIFT_OPTIMIZATION_LEVEL = "-Onone";
			};
			name = Debug;
		};
		3E9C9EBA2EE37BE000DEE453 /* Release */ = {
			isa = XCBuildConfiguration;
			buildSettings = {
				ALWAYS_SEARCH_USER_PATHS = NO;
				ASSETCATALOG_COMPILER_GENERATE_SWIFT_ASSET_SYMBOL_EXTENSIONS = YES;
				CLANG_ANALYZER_NONNULL = YES;
				CLANG_ANALYZER_NUMBER_OBJECT_CONVERSION = YES_AGGRESSIVE;
				CLANG_CXX_LANGUAGE_STANDARD = "gnu++20";
				CLANG_ENABLE_MODULES = YES;
				CLANG_ENABLE_OBJC_ARC = YES;
				CLANG_ENABLE_OBJC_WEAK = YES;
				CLANG_WARN_BLOCK_CAPTURE_AUTORELEASING = YES;
				CLANG_WARN_BOOL_CONVERSION = YES;
				CLANG_WARN_COMMA = YES;
				CLANG_WARN_CONSTANT_CONVERSION = YES;
				CLANG_WARN_DEPRECATED_OBJC_IMPLEMENTATIONS = YES;
				CLANG_WARN_DIRECT_OBJC_ISA_USAGE = YES_ERROR;
				CLANG_WARN_DOCUMENTATION_COMMENTS = YES;
				CLANG_WARN_EMPTY_BODY = YES;
				CLANG_WARN_ENUM_CONVERSION = YES;
				CLANG_WARN_INFINITE_RECURSION = YES;
				CLANG_WARN_INT_CONVERSION = YES;
				CLANG_WARN_NON_LITERAL_NULL_CONVERSION = YES;
				CLANG_WARN_OBJC_IMPLICIT_RETAIN_SELF = YES;
				CLANG_WARN_OBJC_LITERAL_CONVERSION = YES;
				CLANG_WARN_OBJC_ROOT_CLASS = YES_ERROR;
				CLANG_WARN_QUOTED_INCLUDE_IN_FRAMEWORK_HEADER = YES;
				CLANG_WARN_RANGE_LOOP_ANALYSIS = YES;
				CLANG_WARN_STRICT_PROTOTYPES = YES;
				CLANG_WARN_SUSPICIOUS_MOVE = YES;
				CLANG_WARN_UNGUARDED_AVAILABILITY = YES_AGGRESSIVE;
				CLANG_WARN_UNREACHABLE_CODE = YES;
				CLANG_WARN__DUPLICATE_METHOD_MATCH = YES;
				COPY_PHASE_STRIP = NO;
				DEBUG_INFORMATION_FORMAT = "dwarf-with-dsym";
				ENABLE_NS_ASSERTIONS = NO;
				ENABLE_STRICT_OBJC_MSGSEND = YES;
				ENABLE_USER_SCRIPT_SANDBOXING = YES;
				GCC_C_LANGUAGE_STANDARD = gnu17;
				GCC_NO_COMMON_BLOCKS = YES;
				GCC_WARN_64_TO_32_BIT_CONVERSION = YES;
				GCC_WARN_ABOUT_RETURN_TYPE = YES_ERROR;
				GCC_WARN_UNDECLARED_SELECTOR = YES;
				GCC_WARN_UNINITIALIZED_AUTOS = YES_AGGRESSIVE;
				GCC_WARN_UNUSED_FUNCTION = YES;
				GCC_WARN_UNUSED_VARIABLE = YES;
				LOCALIZATION_PREFERS_STRING_CATALOGS = YES;
				MACOSX_DEPLOYMENT_TARGET = 15.7;
				MTL_ENABLE_DEBUG_INFO = NO;
				MTL_FAST_MATH = YES;
				SDKROOT = macosx;
				SWIFT_COMPILATION_MODE = wholemodule;
			};
			name = Release;
		};
		3E9C9EBC2EE37BE000DEE453 /* Debug */ = {
			isa = XCBuildConfiguration;
			buildSettings = {
				ASSETCATALOG_COMPILER_APPICON_NAME = AppIcon;
				ASSETCATALOG_COMPILER_GLOBAL_ACCENT_COLOR_NAME = AccentColor;
				ASSETCATALOG_COMPILER_INCLUDE_ALL_APPICON_ASSETS = NO;
				CODE_SIGN_STYLE = Automatic;
				COMBINE_HIDPI_IMAGES = YES;
				CURRENT_PROJECT_VERSION = 300;
				DEVELOPMENT_TEAM = ZFE2VJD462;
				ENABLE_APP_SANDBOX = NO;
				ENABLE_PREVIEWS = YES;
				GENERATE_INFOPLIST_FILE = YES;
				INFOPLIST_KEY_CFBundleDisplayName = "Retro GFX";
				INFOPLIST_KEY_LSApplicationCategoryType = "public.app-category.utilities";
				INFOPLIST_KEY_NSHumanReadableCopyright = "© Walter Tengler";
				LD_RUNPATH_SEARCH_PATHS = (
					"$(inherited)",
					"@executable_path/../Frameworks",
				);
				MACOSX_DEPLOYMENT_TARGET = 15.6;
				MARKETING_VERSION = 3.75;
				PRODUCT_BUNDLE_IDENTIFIER = com.portwally.retroGFX;
				PRODUCT_NAME = "$(TARGET_NAME)";
				REGISTER_APP_GROUPS = YES;
				STRING_CATALOG_GENERATE_SYMBOLS = YES;
				SWIFT_APPROACHABLE_CONCURRENCY = YES;
				SWIFT_DEFAULT_ACTOR_ISOLATION = MainActor;
				SWIFT_EMIT_LOC_STRINGS = YES;
				SWIFT_UPCOMING_FEATURE_MEMBER_IMPORT_VISIBILITY = YES;
				SWIFT_VERSION = 5.0;
			};
			name = Debug;
		};
		3E9C9EBD2EE37BE000DEE453 /* Release */ = {
			isa = XCBuildConfiguration;
			buildSettings = {
				ASSETCATALOG_COMPILER_APPICON_NAME = AppIcon;
				ASSETCATALOG_COMPILER_GLOBAL_ACCENT_COLOR_NAME = AccentColor;
				ASSETCATALOG_COMPILER_INCLUDE_ALL_APPICON_ASSETS = NO;
				"CODE_SIGN_IDENTITY[sdk=macosx*]" = "Apple Distribution";
				CODE_SIGN_STYLE = Manual;
				COMBINE_HIDPI_IMAGES = YES;
				CURRENT_PROJECT_VERSION = 300;
				DEVELOPMENT_TEAM = "";
				"DEVELOPMENT_TEAM[sdk=macosx*]" = ZFE2VJD462;
				ENABLE_APP_SANDBOX = YES;
				ENABLE_INCOMING_NETWORK_CONNECTIONS = NO;
				ENABLE_OUTGOING_NETWORK_CONNECTIONS = NO;
				ENABLE_PREVIEWS = YES;
				ENABLE_RESOURCE_ACCESS_AUDIO_INPUT = NO;
				ENABLE_RESOURCE_ACCESS_BLUETOOTH = NO;
				ENABLE_RESOURCE_ACCESS_CALENDARS = NO;
				ENABLE_RESOURCE_ACCESS_CAMERA = NO;
				ENABLE_RESOURCE_ACCESS_CONTACTS = NO;
				ENABLE_RESOURCE_ACCESS_LOCATION = NO;
				ENABLE_RESOURCE_ACCESS_PRINTING = NO;
				ENABLE_RESOURCE_ACCESS_USB = NO;
				ENABLE_USER_SELECTED_FILES = readwrite;
				GENERATE_INFOPLIST_FILE = YES;
				INFOPLIST_KEY_CFBundleDisplayName = "Retro GFX";
				INFOPLIST_KEY_LSApplicationCategoryType = "public.app-category.utilities";
				INFOPLIST_KEY_NSHumanReadableCopyright = "© Walter Tengler";
				LD_RUNPATH_SEARCH_PATHS = (
					"$(inherited)",
					"@executable_path/../Frameworks",
				);
				MACOSX_DEPLOYMENT_TARGET = 15.6;
				MARKETING_VERSION = 3.75;
				PRODUCT_BUNDLE_IDENTIFIER = com.portwally.retroGFX;
				PRODUCT_NAME = "$(TARGET_NAME)";
				PROVISIONING_PROFILE_SPECIFIER = "";
				REGISTER_APP_GROUPS = YES;
				STRING_CATALOG_GENERATE_SYMBOLS = YES;
				SWIFT_APPROACHABLE_CONCURRENCY = YES;
				SWIFT_DEFAULT_ACTOR_ISOLATION = MainActor;
				SWIFT_EMIT_LOC_STRINGS = YES;
				SWIFT_UPCOMING_FEATURE_MEMBER_IMPORT_VISIBILITY = YES;
				SWIFT_VERSION = 5.0;
			};
			name = Release;
		};
		3E9C9EBF2EE37BE000DEE453 /* Debug */ = {
			isa = XCBuildConfiguration;
			buildSettings = {
				BUNDLE_LOADER = "$(TEST_HOST)";
				CODE_SIGN_STYLE = Automatic;
				CURRENT_PROJECT_VERSION = 1;
				GENERATE_INFOPLIST_FILE = YES;
				MACOSX_DEPLOYMENT_TARGET = 15.7;
				MARKETING_VERSION = 1.0;
				PRODUCT_BUNDLE_IDENTIFIER = "portwally.SHR-to-PNG-ConvertTests";
				PRODUCT_NAME = "$(TARGET_NAME)";
				STRING_CATALOG_GENERATE_SYMBOLS = NO;
				SWIFT_APPROACHABLE_CONCURRENCY = YES;
				SWIFT_EMIT_LOC_STRINGS = NO;
				SWIFT_UPCOMING_FEATURE_MEMBER_IMPORT_VISIBILITY = YES;
				SWIFT_VERSION = 5.0;
				TEST_HOST = "$(BUILT_PRODUCTS_DIR)/Retro-Graphics-Converter.app/$(BUNDLE_EXECUTABLE_FOLDER_PATH)/Retro-Graphics-Converter";
			};
			name = Debug;
		};
		3E9C9EC02EE37BE000DEE453 /* Release */ = {
			isa = XCBuildConfiguration;
			buildSettings = {
				BUNDLE_LOADER = "$(TEST_HOST)";
				CODE_SIGN_STYLE = Automatic;
				CURRENT_PROJECT_VERSION = 1;
				GENERATE_INFOPLIST_FILE = YES;
				MACOSX_DEPLOYMENT_TARGET = 15.7;
				MARKETING_VERSION = 1.0;
				PRODUCT_BUNDLE_IDENTIFIER = "portwally.SHR-to-PNG-ConvertTests";
				PRODUCT_NAME = "$(TARGET_NAME)";
				STRING_CATALOG_GENERATE_SYMBOLS = NO;
				SWIFT_APPROACHABLE_CONCURRENCY = YES;
				SWIFT_EMIT_LOC_STRINGS = NO;
				SWIFT_UPCOMING_FEATURE_MEMBER_IMPORT_VISIBILITY = YES;
				SWIFT_VERSION = 5.0;
				TEST_HOST = "$(BUILT_PRODUCTS_DIR)/Retro-Graphics-Converter.app/$(BUNDLE_EXECUTABLE_FOLDER_PATH)/Retro-Graphics-Converter";
			};
			name = Release;
		};
		3E9C9EC22EE37BE000DEE453 /* Debug */ = {
			isa = XCBuildConfiguration;
			buildSettings = {
				CODE_SIGN_STYLE = Automatic;
				CURRENT_PROJECT_VERSION = 1;
				GENERATE_INFOPLIST_FILE = YES;
				MARKETING_VERSION = 1.0;
				PRODUCT_BUNDLE_IDENTIFIER = "portwally.SHR-to-PNG-ConvertUITests";
				PRODUCT_NAME = "$(TARGET_NAME)";
				STRING_CATALOG_GENERATE_SYMBOLS = NO;
				SWIFT_APPROACHABLE_CONCURRENCY = YES;
				SWIFT_EMIT_LOC_STRINGS = NO;
				SWIFT_UPCOMING_FEATURE_MEMBER_IMPORT_VISIBILITY = YES;
				SWIFT_VERSION = 5.0;
				TEST_TARGET_NAME = "SHR to PNG Convert";
			};
			name = Debug;
		};
		3E9C9EC32EE37BE000DEE453 /* Release */ = {
			isa = XCBuildConfiguration;
			buildSettings = {
				CODE_SIGN_STYLE = Automatic;
				CURRENT_PROJECT_VERSION = 1;
				GENERATE_INFOPLIST_FILE = YES;
				MARKETING_VERSION = 1.0;
				PRODUCT_BUNDLE_IDENTIFIER = "portwally.SHR-to-PNG-ConvertUITests";
				PRODUCT_NAME = "$(TARGET_NAME)";
				STRING_CATALOG_GENERATE_SYMBOLS = NO;
				SWIFT_APPROACHABLE_CONCURRENCY = YES;
				SWIFT_EMIT_LOC_STRINGS = NO;
				SWIFT_UPCOMING_FEATURE_MEMBER_IMPORT_VISIBILITY = YES;
				SWIFT_VERSION = 5.0;
				TEST_TARGET_NAME = "SHR to PNG Convert";
			};
			name = Release;
		};
/* End XCBuildConfiguration section */

/* Begin XCConfigurationList section */
		3E9C9E952EE37BDF00DEE453 /* Build configuration list for PBXProject "Retro-Graphics-Converter" */ = {
			isa = XCConfigurationList;
			buildConfigurations = (
				3E9C9EB92EE37BE000DEE453 /* Debug */,
				3E9C9EBA2EE37BE000DEE453 /* Release */,
			);
			defaultConfigurationIsVisible = 0;
			defaultConfigurationName = Release;
		};
		3E9C9EBB2EE37BE000DEE453 /* Build configuration list for PBXNativeTarget "Retro-Graphics-Converter" */ = {
			isa = XCConfigurationList;
			buildConfigurations = (
				3E9C9EBC2EE37BE000DEE453 /* Debug */,
				3E9C9EBD2EE37BE000DEE453 /* Release */,
			);
			defaultConfigurationIsVisible = 0;
			defaultConfigurationName = Release;
		};
		3E9C9EBE2EE37BE000DEE453 /* Build configuration list for PBXNativeTarget "Retro-Graphics-ConverterTests" */ = {
			isa = XCConfigurationList;
			buildConfigurations = (
				3E9C9EBF2EE37BE000DEE453 /* Debug */,
				3E9C9EC02EE37BE000DEE453 /* Release */,
			);
			defaultConfigurationIsVisible = 0;
			defaultConfigurationName = Release;
		};
		3E9C9EC12EE37BE000DEE453 /* Build configuration list for PBXNativeTarget "Retro-Graphics-ConverterUITests" */ = {
			isa = XCConfigurationList;
			buildConfigurations = (
				3E9C9EC22EE37BE000DEE453 /* Debug */,
				3E9C9EC32EE37BE000DEE453 /* Release */,
			);
			defaultConfigurationIsVisible = 0;
			defaultConfigurationName = Release;
		};
/* End XCConfigurationList section */
	};
	rootObject = 3E9C9E922EE37BDF00DEE453 /* Project object */;
}
